--- 
dependencies: 
  rspec-core: 
    group: 
    - :test
    version: = 2.0.0.beta.17
  pony: 
    group: 
    - :test
    version: ">= 0"
  growl-glue: 
    group: 
    - :test
    version: ">= 0"
    require: 
    - growl_glue
  rake: 
    group: 
    - :test
    version: ">= 0.8.7"
  autotest: 
    group: 
    - :test
    version: ">= 0"
  delayed_job: 
    group: 
    - :test
    version: = 1.8.4
  rspec-expectations: 
    group: 
    - :test
    version: = 2.0.0.beta.17
  rspec-rails: 
    group: 
    - :test
    version: = 2.0.0.beta.17
  mimetype-fu: 
    group: 
    - :test
    version: ">= 0"
  mail: 
    group: 
    - :test
    version: ">= 0"
  sinatra: 
    group: 
    - :test
    version: ">= 0"
  jeweler: 
    group: 
    - :test
    version: ">= 0"
  actionmailer: 
    group: 
    - :test
    version: ">= 3.0.0.beta2"
  rack-test: 
    group: 
    - :test
    version: ">= 0"
  cucumber: 
    group: 
    - :test
    version: ">= 0"
  rspec-mocks: 
    group: 
    - :test
    version: = 2.0.0.beta.17
specs: 
- rake: 
    version: 0.8.7
- abstract: 
    version: 1.0.0
- activesupport: 
    version: 3.0.0.beta4
- builder: 
    version: 2.1.2
- i18n: 
    version: 0.4.1
- activemodel: 
    version: 3.0.0.beta4
- erubis: 
    version: 2.6.6
- rack: 
    version: 1.1.0
- rack-mount: 
    version: 0.6.9
- rack-test: 
    version: 0.5.4
- tzinfo: 
    version: 0.3.22
- actionpack: 
    version: 3.0.0.beta4
- mime-types: 
    version: "1.16"
- polyglot: 
    version: 0.3.1
- treetop: 
    version: 1.4.8
- mail: 
    version: 2.2.5
- actionmailer: 
    version: 3.0.0.beta4
- autotest: 
    version: 4.3.2
- diff-lcs: 
    version: 1.1.2
- trollop: 
    version: 1.16.2
- gherkin: 
    version: 2.1.4
- json_pure: 
    version: 1.4.3
- term-ansicolor: 
    version: 1.0.5
- cucumber: 
    version: 0.8.5
- delayed_job: 
    version: 1.8.4
- gemcutter: 
    version: 0.5.0
- git: 
    version: 1.2.5
- growl-glue: 
    version: 1.0.7
- rubyforge: 
    version: 2.0.4
- jeweler: 
    version: 1.4.0
- mimetype-fu: 
    version: 0.1.2
- nokogiri: 
    version: 1.4.2
- pony: 
    version: "1.0"
- rspec-core: 
    version: 2.0.0.beta.17
- rspec-expectations: 
    version: 2.0.0.beta.17
- rspec-mocks: 
    version: 2.0.0.beta.17
- rspec: 
    version: 2.0.0.beta.17
- webrat: 
    version: 0.7.1
- rspec-rails: 
    version: 2.0.0.beta.17
- sinatra: 
    version: "1.0"
hash: 2eb66b1756e1e1a29f914312ba4292c4a1b80832
sources: 
- Rubygems: 
    uri: http://gemcutter.org
